
Microsoft Visual Studio Solution File, Format Version 12.00
# Visual Studio 14
VisualStudioVersion = 14.0.24720.0
MinimumVisualStudioVersion = 10.0.40219.1
Project("{FAE04EC0-301F-11D3-BF4B-00C04F79EFBC}") = "MinorityReportApp", "MinorityReportApp\MinorityReportApp.csproj", "{F1F0C9BB-D7CD-43A5-8CF2-FE96064A7534}"
EndProject
Project("{FAE04EC0-301F-11D3-BF4B-00C04F79EFBC}") = "Input Abstraction", "Input Abstraction\Input Abstraction.csproj", "{4DDF7D06-227F-4E76-9455-F39967502CF7}"
EndProject
Project("{FAE04EC0-301F-11D3-BF4B-00C04F79EFBC}") = "Processing", "Processing\Processing.csproj", "{26566CC0-3B7A-4982-AE4B-85B7A7AC14A6}"
EndProject
Global
	GlobalSection(SolutionConfigurationPlatforms) = preSolution
		Debug|Any CPU = Debug|Any CPU
		Release|Any CPU = Release|Any CPU
	EndGlobalSection
	GlobalSection(ProjectConfigurationPlatforms) = postSolution
		{F1F0C9BB-D7CD-43A5-8CF2-FE96064A7534}.Debug|Any CPU.ActiveCfg = Debug|Any CPU
		{F1F0C9BB-D7CD-43A5-8CF2-FE96064A7534}.Debug|Any CPU.Build.0 = Debug|Any CPU
		{F1F0C9BB-D7CD-43A5-8CF2-FE96064A7534}.Release|Any CPU.ActiveCfg = Release|Any CPU
		{F1F0C9BB-D7CD-43A5-8CF2-FE96064A7534}.Release|Any CPU.Build.0 = Release|Any CPU
		{4DDF7D06-227F-4E76-9455-F39967502CF7}.Debug|Any CPU.ActiveCfg = Debug|Any CPU
		{4DDF7D06-227F-4E76-9455-F39967502CF7}.Debug|Any CPU.Build.0 = Debug|Any CPU
		{4DDF7D06-227F-4E76-9455-F39967502CF7}.Release|Any CPU.ActiveCfg = Release|Any CPU
		{4DDF7D06-227F-4E76-9455-F39967502CF7}.Release|Any CPU.Build.0 = Release|Any CPU
		{26566CC0-3B7A-4982-AE4B-85B7A7AC14A6}.Debug|Any CPU.ActiveCfg = Debug|Any CPU
		{26566CC0-3B7A-4982-AE4B-85B7A7AC14A6}.Debug|Any CPU.Build.0 = Debug|Any CPU
		{26566CC0-3B7A-4982-AE4B-85B7A7AC14A6}.Release|Any CPU.ActiveCfg = Release|Any CPU
		{26566CC0-3B7A-4982-AE4B-85B7A7AC14A6}.Release|Any CPU.Build.0 = Release|Any CPU
	EndGlobalSection
	GlobalSection(SolutionProperties) = preSolution
		HideSolutionNode = FALSE
	EndGlobalSection
EndGlobal
